{
  "name": "oolio-qa",
  "version": "1.0.0",
  "lockfileVersion": 2,
  "requires": true,
  "packages": {
    "": {
      "name": "oolio-qa",
      "version": "1.0.0",
      "license": "ISC",
      "devDependencies": {
        "@playwright/test": "^1.30.0",
        "allure-commandline": "^2.21.0",
        "allure-playwright": "^2.0.0",
        "csv-parse": "^5.3.5",
        "dotenv": "^16.0.3"
      }
    },
    "node_modules/@playwright/test": {
      "version": "1.30.0",
      "resolved": "https://registry.npmjs.org/@playwright/test/-/test-1.30.0.tgz",
      "integrity": "sha512-SVxkQw1xvn/Wk/EvBnqWIq6NLo1AppwbYOjNLmyU0R1RoQ3rLEBtmjTnElcnz8VEtn11fptj1ECxK0tgURhajw==",
      "dev": true,
      "dependencies": {
        "@types/node": "*",
        "playwright-core": "1.30.0"
      },
      "bin": {
        "playwright": "cli.js"
      },
      "engines": {
        "node": ">=14"
      }
    },
    "node_modules/@types/node": {
      "version": "18.14.0",
      "resolved": "https://registry.npmjs.org/@types/node/-/node-18.14.0.tgz",
      "integrity": "sha512-5EWrvLmglK+imbCJY0+INViFWUHg1AHel1sq4ZVSfdcNqGy9Edv3UB9IIzzg+xPaUcAgZYcfVs2fBcwDeZzU0A==",
      "dev": true
    },
    "node_modules/allure-commandline": {
      "version": "2.21.0",
      "resolved": "https://registry.npmjs.org/allure-commandline/-/allure-commandline-2.21.0.tgz",
      "integrity": "sha512-1MMFkEhMScOFRkisuZwp52KrQVpPuhpK4SgIys9GPLqwczt9NcsI2G11XY2TSWydP5gBaPoSakevFHpqKVHaZw==",
      "dev": true,
      "bin": {
        "allure": "bin/allure"
      }
    },
    "node_modules/allure-js-commons": {
      "version": "2.0.0",
      "resolved": "https://registry.npmjs.org/allure-js-commons/-/allure-js-commons-2.0.0.tgz",
      "integrity": "sha512-zIUwkNjsQYvJ/pC1SkgnUk9du6tJ6tF9fK1z4bEm+oyJJPALvgqNeERTtkQI3PNAKwQdEMluZ+FqFn8I7lrt+A==",
      "dev": true,
      "dependencies": {
        "properties": "^1.2.1",
        "uuid": "^8.3.0"
      }
    },
    "node_modules/allure-playwright": {
      "version": "2.0.0",
      "resolved": "https://registry.npmjs.org/allure-playwright/-/allure-playwright-2.0.0.tgz",
      "integrity": "sha512-uBdtmwMHIqZD0hHCe+SWTfcXVjFv0TZBAR/GYRu6JK6XYo0DPJdZicogCK2g/LK1hUzv0d/e0Wt5ZUepqARSZw==",
      "dev": true,
      "dependencies": {
        "allure-js-commons": "2.0.0"
      }
    },
    "node_modules/csv-parse": {
      "version": "5.3.5",
      "resolved": "https://registry.npmjs.org/csv-parse/-/csv-parse-5.3.5.tgz",
      "integrity": "sha512-8O5KTIRtwmtD3+EVfW6BCgbwZqJbhTYsQZry12F1TP5RUp0sD9tp1UnCWic3n0mLOhzeocYaCZNYxOGSg3dmmQ==",
      "dev": true
    },
    "node_modules/dotenv": {
      "version": "16.0.3",
      "resolved": "https://registry.npmjs.org/dotenv/-/dotenv-16.0.3.tgz",
      "integrity": "sha512-7GO6HghkA5fYG9TYnNxi14/7K9f5occMlp3zXAuSxn7CKCxt9xbNWG7yF8hTCSUchlfWSe3uLmlPfigevRItzQ==",
      "dev": true,
      "engines": {
        "node": ">=12"
      }
    },
    "node_modules/playwright-core": {
      "version": "1.30.0",
      "resolved": "https://registry.npmjs.org/playwright-core/-/playwright-core-1.30.0.tgz",
      "integrity": "sha512-7AnRmTCf+GVYhHbLJsGUtskWTE33SwMZkybJ0v6rqR1boxq2x36U7p1vDRV7HO2IwTZgmycracLxPEJI49wu4g==",
      "dev": true,
      "bin": {
        "playwright": "cli.js"
      },
      "engines": {
        "node": ">=14"
      }
    },
    "node_modules/properties": {
      "version": "1.2.1",
      "resolved": "https://registry.npmjs.org/properties/-/properties-1.2.1.tgz",
      "integrity": "sha512-qYNxyMj1JeW54i/EWEFsM1cVwxJbtgPp8+0Wg9XjNaK6VE/c4oRi6PNu5p7w1mNXEIQIjV5Wwn8v8Gz82/QzdQ==",
      "dev": true,
      "engines": {
        "node": ">=0.10"
      }
    },
    "node_modules/uuid": {
      "version": "8.3.2",
      "resolved": "https://registry.npmjs.org/uuid/-/uuid-8.3.2.tgz",
      "integrity": "sha512-+NYs2QeMWy+GWFOEm9xnn6HCDp0l7QBD7ml8zLUmJ+93Q5NF0NocErnwkTkXVFNiX3/fpC6afS8Dhb/gz7R7eg==",
      "dev": true,
      "bin": {
        "uuid": "dist/bin/uuid"
      }
    }
  },
  "dependencies": {
    "@playwright/test": {
      "version": "1.30.0",
      "resolved": "https://registry.npmjs.org/@playwright/test/-/test-1.30.0.tgz",
      "integrity": "sha512-SVxkQw1xvn/Wk/EvBnqWIq6NLo1AppwbYOjNLmyU0R1RoQ3rLEBtmjTnElcnz8VEtn11fptj1ECxK0tgURhajw==",
      "dev": true,
      "requires": {
        "@types/node": "*",
        "playwright-core": "1.30.0"
      }
    },
    "@types/node": {
      "version": "18.14.0",
      "resolved": "https://registry.npmjs.org/@types/node/-/node-18.14.0.tgz",
      "integrity": "sha512-5EWrvLmglK+imbCJY0+INViFWUHg1AHel1sq4ZVSfdcNqGy9Edv3UB9IIzzg+xPaUcAgZYcfVs2fBcwDeZzU0A==",
      "dev": true
    },
    "allure-commandline": {
      "version": "2.21.0",
      "resolved": "https://registry.npmjs.org/allure-commandline/-/allure-commandline-2.21.0.tgz",
      "integrity": "sha512-1MMFkEhMScOFRkisuZwp52KrQVpPuhpK4SgIys9GPLqwczt9NcsI2G11XY2TSWydP5gBaPoSakevFHpqKVHaZw==",
      "dev": true
    },
    "allure-js-commons": {
      "version": "2.0.0",
      "resolved": "https://registry.npmjs.org/allure-js-commons/-/allure-js-commons-2.0.0.tgz",
      "integrity": "sha512-zIUwkNjsQYvJ/pC1SkgnUk9du6tJ6tF9fK1z4bEm+oyJJPALvgqNeERTtkQI3PNAKwQdEMluZ+FqFn8I7lrt+A==",
      "dev": true,
      "requires": {
        "properties": "^1.2.1",
        "uuid": "^8.3.0"
      }
    },
    "allure-playwright": {
      "version": "2.0.0",
      "resolved": "https://registry.npmjs.org/allure-playwright/-/allure-playwright-2.0.0.tgz",
      "integrity": "sha512-uBdtmwMHIqZD0hHCe+SWTfcXVjFv0TZBAR/GYRu6JK6XYo0DPJdZicogCK2g/LK1hUzv0d/e0Wt5ZUepqARSZw==",
      "dev": true,
      "requires": {
        "allure-js-commons": "2.0.0"
      }
    },
    "csv-parse": {
      "version": "5.3.5",
      "resolved": "https://registry.npmjs.org/csv-parse/-/csv-parse-5.3.5.tgz",
      "integrity": "sha512-8O5KTIRtwmtD3+EVfW6BCgbwZqJbhTYsQZry12F1TP5RUp0sD9tp1UnCWic3n0mLOhzeocYaCZNYxOGSg3dmmQ==",
      "dev": true
    },
    "dotenv": {
      "version": "16.0.3",
      "resolved": "https://registry.npmjs.org/dotenv/-/dotenv-16.0.3.tgz",
      "integrity": "sha512-7GO6HghkA5fYG9TYnNxi14/7K9f5occMlp3zXAuSxn7CKCxt9xbNWG7yF8hTCSUchlfWSe3uLmlPfigevRItzQ==",
      "dev": true
    },
    "playwright-core": {
      "version": "1.30.0",
      "resolved": "https://registry.npmjs.org/playwright-core/-/playwright-core-1.30.0.tgz",
      "integrity": "sha512-7AnRmTCf+GVYhHbLJsGUtskWTE33SwMZkybJ0v6rqR1boxq2x36U7p1vDRV7HO2IwTZgmycracLxPEJI49wu4g==",
      "dev": true
    },
    "properties": {
      "version": "1.2.1",
      "resolved": "https://registry.npmjs.org/properties/-/properties-1.2.1.tgz",
      "integrity": "sha512-qYNxyMj1JeW54i/EWEFsM1cVwxJbtgPp8+0Wg9XjNaK6VE/c4oRi6PNu5p7w1mNXEIQIjV5Wwn8v8Gz82/QzdQ==",
      "dev": true
    },
    "uuid": {
      "version": "8.3.2",
      "resolved": "https://registry.npmjs.org/uuid/-/uuid-8.3.2.tgz",
      "integrity": "sha512-+NYs2QeMWy+GWFOEm9xnn6HCDp0l7QBD7ml8zLUmJ+93Q5NF0NocErnwkTkXVFNiX3/fpC6afS8Dhb/gz7R7eg==",
      "dev": true
    }
  }
}
